
Microsoft Visual Studio Solution File, Format Version 12.00
# Visual Studio 2013
VisualStudioVersion = 12.0.21005.1
MinimumVisualStudioVersion = 10.0.40219.1
Project("{FAE04EC0-301F-11D3-BF4B-00C04F79EFBC}") = "TribonnicServicesWebAPIwithTestCases", "TribonnicServicesWebAPIwithTestCases\TribonnicServicesWebAPIwithTestCases.csproj", "{B51AB89A-B8F7-45A3-AA50-33E170215D01}"
EndProject
Project("{FAE04EC0-301F-11D3-BF4B-00C04F79EFBC}") = "TribonnicServicesWebAPIwithTestCases.Tests", "TribonnicServicesWebAPIwithTestCases.Tests\TribonnicServicesWebAPIwithTestCases.Tests.csproj", "{CB3CDB47-9A06-4F6C-B71C-BA431CDE638B}"
EndProject
Project("{E24C65DC-7377-472B-9ABA-BC803B73C61A}") = "TriboniceWebSiteTest", "http://localhost:54236", "{E77D189C-1444-421D-A76A-B93C976F706E}"
	ProjectSection(WebsiteProperties) = preProject
		UseIISExpress = "true"
		TargetFrameworkMoniker = ".NETFramework,Version%3Dv4.5"
		Debug.AspNetCompiler.VirtualPath = "/localhost_54236"
		Debug.AspNetCompiler.PhysicalPath = "..\TriboniceWebSiteTest\"
		Debug.AspNetCompiler.TargetPath = "PrecompiledWeb\localhost_54236\"
		Debug.AspNetCompiler.Updateable = "true"
		Debug.AspNetCompiler.ForceOverwrite = "true"
		Debug.AspNetCompiler.FixedNames = "false"
		Debug.AspNetCompiler.Debug = "True"
		Release.AspNetCompiler.VirtualPath = "/localhost_54236"
		Release.AspNetCompiler.PhysicalPath = "..\TriboniceWebSiteTest\"
		Release.AspNetCompiler.TargetPath = "PrecompiledWeb\localhost_54236\"
		Release.AspNetCompiler.Updateable = "true"
		Release.AspNetCompiler.ForceOverwrite = "true"
		Release.AspNetCompiler.FixedNames = "false"
		Release.AspNetCompiler.Debug = "False"
		SlnRelativePath = "..\TriboniceWebSiteTest\"
		DefaultWebSiteLanguage = "Visual C#"
	EndProjectSection
EndProject
Global
	GlobalSection(SolutionConfigurationPlatforms) = preSolution
		Debug|Any CPU = Debug|Any CPU
		Release|Any CPU = Release|Any CPU
	EndGlobalSection
	GlobalSection(ProjectConfigurationPlatforms) = postSolution
		{B51AB89A-B8F7-45A3-AA50-33E170215D01}.Debug|Any CPU.ActiveCfg = Debug|Any CPU
		{B51AB89A-B8F7-45A3-AA50-33E170215D01}.Debug|Any CPU.Build.0 = Debug|Any CPU
		{B51AB89A-B8F7-45A3-AA50-33E170215D01}.Release|Any CPU.ActiveCfg = Release|Any CPU
		{B51AB89A-B8F7-45A3-AA50-33E170215D01}.Release|Any CPU.Build.0 = Release|Any CPU
		{CB3CDB47-9A06-4F6C-B71C-BA431CDE638B}.Debug|Any CPU.ActiveCfg = Debug|Any CPU
		{CB3CDB47-9A06-4F6C-B71C-BA431CDE638B}.Debug|Any CPU.Build.0 = Debug|Any CPU
		{CB3CDB47-9A06-4F6C-B71C-BA431CDE638B}.Release|Any CPU.ActiveCfg = Release|Any CPU
		{CB3CDB47-9A06-4F6C-B71C-BA431CDE638B}.Release|Any CPU.Build.0 = Release|Any CPU
		{E77D189C-1444-421D-A76A-B93C976F706E}.Debug|Any CPU.ActiveCfg = Debug|Any CPU
		{E77D189C-1444-421D-A76A-B93C976F706E}.Debug|Any CPU.Build.0 = Debug|Any CPU
		{E77D189C-1444-421D-A76A-B93C976F706E}.Release|Any CPU.ActiveCfg = Debug|Any CPU
		{E77D189C-1444-421D-A76A-B93C976F706E}.Release|Any CPU.Build.0 = Debug|Any CPU
	EndGlobalSection
	GlobalSection(SolutionProperties) = preSolution
		HideSolutionNode = FALSE
	EndGlobalSection
EndGlobal
